
Microsoft Visual Studio Solution File, Format Version 12.00
# Visual Studio Version 16
VisualStudioVersion = 16.0.30611.23
MinimumVisualStudioVersion = 10.0.40219.1
Project("{FAE04EC0-301F-11D3-BF4B-00C04F79EFBC}") = "Demo_CodeDom", "Demo_CodeDom\Demo_CodeDom.csproj", "{D2000E53-8958-470C-9D4A-43F46BA9919E}"
EndProject
Global
	GlobalSection(SolutionConfigurationPlatforms) = preSolution
		Debug|Any CPU = Debug|Any CPU
		Release|Any CPU = Release|Any CPU
	EndGlobalSection
	GlobalSection(ProjectConfigurationPlatforms) = postSolution
		{D2000E53-8958-470C-9D4A-43F46BA9919E}.Debug|Any CPU.ActiveCfg = Debug|Any CPU
		{D2000E53-8958-470C-9D4A-43F46BA9919E}.Debug|Any CPU.Build.0 = Debug|Any CPU
		{D2000E53-8958-470C-9D4A-43F46BA9919E}.Release|Any CPU.ActiveCfg = Release|Any CPU
		{D2000E53-8958-470C-9D4A-43F46BA9919E}.Release|Any CPU.Build.0 = Release|Any CPU
	EndGlobalSection
	GlobalSection(SolutionProperties) = preSolution
		HideSolutionNode = FALSE
	EndGlobalSection
	GlobalSection(ExtensibilityGlobals) = postSolution
		SolutionGuid = {4F6B5517-A02D-4E71-A216-BC3A8593DF14}
	EndGlobalSection
EndGlobal
